
Microsoft Visual Studio Solution File, Format Version 12.00
# Visual Studio 15
VisualStudioVersion = 15.0.27004.2006
MinimumVisualStudioVersion = 10.0.40219.1
Project("{FAE04EC0-301F-11D3-BF4B-00C04F79EFBC}") = "Triad.CabinetOffice.Slipping.Web", "Triad.CabinetOffice.Slipping.Web\Triad.CabinetOffice.Slipping.Web.csproj", "{728747C0-EEE2-43CF-8C39-D7DBE494B97D}"
EndProject
Project("{FAE04EC0-301F-11D3-BF4B-00C04F79EFBC}") = "Triad.CabinetOffice.Slipping.Data", "Triad.CabinetOffice.Slipping.Data\Triad.CabinetOffice.Slipping.Data.csproj", "{75ED7B5B-513F-47AC-806F-B881E05200EE}"
EndProject
Project("{2150E333-8FDC-42A3-9474-1A3956D46DE8}") = "Reports", "Reports", "{9A9E63E1-9AD9-4B25-B4F2-5AF59555FA24}"
	ProjectSection(SolutionItems) = preProject
		Reports\AbsenceRequest-AuditHistory.xlsx = Reports\AbsenceRequest-AuditHistory.xlsx
	EndProjectSection
EndProject
Project("{2150E333-8FDC-42A3-9474-1A3956D46DE8}") = "PowerShell", "PowerShell", "{B149B221-4319-47DA-B7E2-688E06C97F08}"
	ProjectSection(SolutionItems) = preProject
		..\..\..\..\Desktop\paws invites\Send-Slipping-Invites.ps1 = ..\..\..\..\Desktop\paws invites\Send-Slipping-Invites.ps1
	EndProjectSection
EndProject
Global
	GlobalSection(SolutionConfigurationPlatforms) = preSolution
		Debug|Any CPU = Debug|Any CPU
		Release|Any CPU = Release|Any CPU
	EndGlobalSection
	GlobalSection(ProjectConfigurationPlatforms) = postSolution
		{728747C0-EEE2-43CF-8C39-D7DBE494B97D}.Debug|Any CPU.ActiveCfg = Debug|Any CPU
		{728747C0-EEE2-43CF-8C39-D7DBE494B97D}.Debug|Any CPU.Build.0 = Debug|Any CPU
		{728747C0-EEE2-43CF-8C39-D7DBE494B97D}.Release|Any CPU.ActiveCfg = Release|Any CPU
		{728747C0-EEE2-43CF-8C39-D7DBE494B97D}.Release|Any CPU.Build.0 = Release|Any CPU
		{75ED7B5B-513F-47AC-806F-B881E05200EE}.Debug|Any CPU.ActiveCfg = Debug|Any CPU
		{75ED7B5B-513F-47AC-806F-B881E05200EE}.Debug|Any CPU.Build.0 = Debug|Any CPU
		{75ED7B5B-513F-47AC-806F-B881E05200EE}.Release|Any CPU.ActiveCfg = Release|Any CPU
		{75ED7B5B-513F-47AC-806F-B881E05200EE}.Release|Any CPU.Build.0 = Release|Any CPU
	EndGlobalSection
	GlobalSection(SolutionProperties) = preSolution
		HideSolutionNode = FALSE
	EndGlobalSection
	GlobalSection(ExtensibilityGlobals) = postSolution
		SolutionGuid = {1781F96D-F14D-4558-B5AB-30FDA643DD28}
	EndGlobalSection
EndGlobal
